
Microsoft Visual Studio Solution File, Format Version 12.00
# Visual Studio Version 17
VisualStudioVersion = 17.14.36603.0
MinimumVisualStudioVersion = 10.0.40219.1
Project("{2150E333-8FDC-42A3-9474-1A3956D46DE8}") = "1.WebApi", "1.WebApi", "{02EA681E-C7D8-13C7-8484-4AC65E1B71E8}"
EndProject
Project("{2150E333-8FDC-42A3-9474-1A3956D46DE8}") = "2.Application", "2.Application", "{59E011C8-9BF2-461F-818A-15397FD87057}"
EndProject
Project("{2150E333-8FDC-42A3-9474-1A3956D46DE8}") = "3.Domain", "3.Domain", "{A91018C4-35A7-412E-BFFF-074076646848}"
EndProject
Project("{2150E333-8FDC-42A3-9474-1A3956D46DE8}") = "4.Infrastructure", "4.Infrastructure", "{EBEFD43B-497E-450C-A3D6-0CC343D8A9C6}"
EndProject
Project("{2150E333-8FDC-42A3-9474-1A3956D46DE8}") = "5.Commons", "5.Commons", "{9509C21F-85B7-490C-AB09-7B1235293875}"
EndProject
Project("{2150E333-8FDC-42A3-9474-1A3956D46DE8}") = "6.Tests", "6.Tests", "{383019F1-EEA1-46C2-97AD-8A68FE05D352}"
EndProject
Project("{FAE04EC0-301F-11D3-BF4B-00C04F79EFBC}") = "MonoMarket.Application", "MonoMarket.Application\MonoMarket.Application.csproj", "{A2562132-3FA3-4BA3-859F-25F6E6C8ACF8}"
EndProject
Project("{FAE04EC0-301F-11D3-BF4B-00C04F79EFBC}") = "MonoMarket.Domain", "MonoMarket.Domain\MonoMarket.Domain.csproj", "{3ACBD60B-65D9-4781-8F34-7629388D4DE6}"
EndProject
Project("{FAE04EC0-301F-11D3-BF4B-00C04F79EFBC}") = "MonoMarket.Infrastructure", "MonoMarket.Infrastructure\MonoMarket.Infrastructure.csproj", "{87581338-AD7D-40E6-97B6-4E8F3382AEB5}"
EndProject
Project("{FAE04EC0-301F-11D3-BF4B-00C04F79EFBC}") = "MonoMarket.Commons", "MonoMarket.Commons\MonoMarket.Commons.csproj", "{3BF090AF-1C31-4395-9C3B-7F22C1DA2EA2}"
EndProject
Project("{FAE04EC0-301F-11D3-BF4B-00C04F79EFBC}") = "MonoMarket.Tests", "MonoMarket.Tests\MonoMarket.Tests.csproj", "{5214529C-7C2A-4EED-8E5E-39C2BED51C98}"
EndProject
Project("{FAE04EC0-301F-11D3-BF4B-00C04F79EFBC}") = "MonoMarket.WebApi", "MonoMarket.WebApi\MonoMarket.WebApi.csproj", "{B09725D2-72CA-14B3-C283-CCF18C2F0B67}"
EndProject
Global
	GlobalSection(SolutionConfigurationPlatforms) = preSolution
		Debug|Any CPU = Debug|Any CPU
		Release|Any CPU = Release|Any CPU
	EndGlobalSection
	GlobalSection(ProjectConfigurationPlatforms) = postSolution
		{A2562132-3FA3-4BA3-859F-25F6E6C8ACF8}.Debug|Any CPU.ActiveCfg = Debug|Any CPU
		{A2562132-3FA3-4BA3-859F-25F6E6C8ACF8}.Debug|Any CPU.Build.0 = Debug|Any CPU
		{A2562132-3FA3-4BA3-859F-25F6E6C8ACF8}.Release|Any CPU.ActiveCfg = Release|Any CPU
		{A2562132-3FA3-4BA3-859F-25F6E6C8ACF8}.Release|Any CPU.Build.0 = Release|Any CPU
		{3ACBD60B-65D9-4781-8F34-7629388D4DE6}.Debug|Any CPU.ActiveCfg = Debug|Any CPU
		{3ACBD60B-65D9-4781-8F34-7629388D4DE6}.Debug|Any CPU.Build.0 = Debug|Any CPU
		{3ACBD60B-65D9-4781-8F34-7629388D4DE6}.Release|Any CPU.ActiveCfg = Release|Any CPU
		{3ACBD60B-65D9-4781-8F34-7629388D4DE6}.Release|Any CPU.Build.0 = Release|Any CPU
		{87581338-AD7D-40E6-97B6-4E8F3382AEB5}.Debug|Any CPU.ActiveCfg = Debug|Any CPU
		{87581338-AD7D-40E6-97B6-4E8F3382AEB5}.Debug|Any CPU.Build.0 = Debug|Any CPU
		{87581338-AD7D-40E6-97B6-4E8F3382AEB5}.Release|Any CPU.ActiveCfg = Release|Any CPU
		{87581338-AD7D-40E6-97B6-4E8F3382AEB5}.Release|Any CPU.Build.0 = Release|Any CPU
		{3BF090AF-1C31-4395-9C3B-7F22C1DA2EA2}.Debug|Any CPU.ActiveCfg = Debug|Any CPU
		{3BF090AF-1C31-4395-9C3B-7F22C1DA2EA2}.Debug|Any CPU.Build.0 = Debug|Any CPU
		{3BF090AF-1C31-4395-9C3B-7F22C1DA2EA2}.Release|Any CPU.ActiveCfg = Release|Any CPU
		{3BF090AF-1C31-4395-9C3B-7F22C1DA2EA2}.Release|Any CPU.Build.0 = Release|Any CPU
		{5214529C-7C2A-4EED-8E5E-39C2BED51C98}.Debug|Any CPU.ActiveCfg = Debug|Any CPU
		{5214529C-7C2A-4EED-8E5E-39C2BED51C98}.Debug|Any CPU.Build.0 = Debug|Any CPU
		{5214529C-7C2A-4EED-8E5E-39C2BED51C98}.Release|Any CPU.ActiveCfg = Release|Any CPU
		{5214529C-7C2A-4EED-8E5E-39C2BED51C98}.Release|Any CPU.Build.0 = Release|Any CPU
		{B09725D2-72CA-14B3-C283-CCF18C2F0B67}.Debug|Any CPU.ActiveCfg = Debug|Any CPU
		{B09725D2-72CA-14B3-C283-CCF18C2F0B67}.Debug|Any CPU.Build.0 = Debug|Any CPU
		{B09725D2-72CA-14B3-C283-CCF18C2F0B67}.Release|Any CPU.ActiveCfg = Release|Any CPU
		{B09725D2-72CA-14B3-C283-CCF18C2F0B67}.Release|Any CPU.Build.0 = Release|Any CPU
	EndGlobalSection
	GlobalSection(SolutionProperties) = preSolution
		HideSolutionNode = FALSE
	EndGlobalSection
	GlobalSection(NestedProjects) = preSolution
		{A2562132-3FA3-4BA3-859F-25F6E6C8ACF8} = {59E011C8-9BF2-461F-818A-15397FD87057}
		{3ACBD60B-65D9-4781-8F34-7629388D4DE6} = {A91018C4-35A7-412E-BFFF-074076646848}
		{87581338-AD7D-40E6-97B6-4E8F3382AEB5} = {EBEFD43B-497E-450C-A3D6-0CC343D8A9C6}
		{3BF090AF-1C31-4395-9C3B-7F22C1DA2EA2} = {9509C21F-85B7-490C-AB09-7B1235293875}
		{5214529C-7C2A-4EED-8E5E-39C2BED51C98} = {383019F1-EEA1-46C2-97AD-8A68FE05D352}
		{B09725D2-72CA-14B3-C283-CCF18C2F0B67} = {02EA681E-C7D8-13C7-8484-4AC65E1B71E8}
	EndGlobalSection
	GlobalSection(ExtensibilityGlobals) = postSolution
		SolutionGuid = {ECBD9B24-A2C1-465D-90C6-9978841F9108}
	EndGlobalSection
EndGlobal
